
Microsoft Visual Studio Solution File, Format Version 12.00
# Visual Studio Version 16
VisualStudioVersion = 16.0.29728.190
MinimumVisualStudioVersion = 10.0.40219.1
Project("{FAE04EC0-301F-11D3-BF4B-00C04F79EFBC}") = "Restaurant", "Restaurant.csproj", "{BA2826CE-ED19-453E-BE09-87EB98DAF1E4}"
EndProject
Global
	GlobalSection(SolutionConfigurationPlatforms) = preSolution
		Debug|Any CPU = Debug|Any CPU
		Release|Any CPU = Release|Any CPU
	EndGlobalSection
	GlobalSection(ProjectConfigurationPlatforms) = postSolution
		{BA2826CE-ED19-453E-BE09-87EB98DAF1E4}.Debug|Any CPU.ActiveCfg = Debug|Any CPU
		{BA2826CE-ED19-453E-BE09-87EB98DAF1E4}.Debug|Any CPU.Build.0 = Debug|Any CPU
		{BA2826CE-ED19-453E-BE09-87EB98DAF1E4}.Release|Any CPU.ActiveCfg = Release|Any CPU
		{BA2826CE-ED19-453E-BE09-87EB98DAF1E4}.Release|Any CPU.Build.0 = Release|Any CPU
	EndGlobalSection
	GlobalSection(SolutionProperties) = preSolution
		HideSolutionNode = FALSE
	EndGlobalSection
	GlobalSection(ExtensibilityGlobals) = postSolution
		SolutionGuid = {5498DA4B-95A1-47CA-932E-789F631B4C53}
	EndGlobalSection
EndGlobal
